{
  "name": "kotlin-simple",
  "version": "0.1.0",
  "lockfileVersion": 1,
  "requires": true,
  "dependencies": {
    "java-invoke-local": {
      "version": "0.0.1",
      "resolved": "https://registry.npmjs.org/java-invoke-local/-/java-invoke-local-0.0.1.tgz",
      "integrity": "sha512-1VoOT9O8/cGR70y+mpgcyGPC2JYhjdD6hPxjWt/BgAvKE5/khEAQZjPzTHIKMJjinqxgqnOtvT5Zz8y5GdgQ5A==",
      "dev": true
    },
    "serverless-jvm-plugin": {
      "version": "0.0.7",
      "resolved": "https://registry.npmjs.org/serverless-jvm-plugin/-/serverless-jvm-plugin-0.0.7.tgz",
      "integrity": "sha512-LinMMQG8FTwT07drpmSxQLa0iBWnTDdkWcUWMxQqO53He8vQhc5cy3u4x2bRCtZWpmfTY8ZDEXthOB4jNy+Afw==",
      "dev": true,
      "requires": {
        "java-invoke-local": "0.0.1"
      }
    }
  }
}
