{
  "name": "scala-simple",
  "version": "0.1.0",
  "lockfileVersion": 1,
  "requires": true,
  "dependencies": {
    "java-invoke-local": {
      "version": "0.0.5",
      "resolved": "https://registry.npmjs.org/java-invoke-local/-/java-invoke-local-0.0.5.tgz",
      "integrity": "sha512-4+3giaI7pO8qN+DQYxEThXYna6VvesSmaADJI1sdxNC8pcBS5R2OdV+ejsYGGtUZcC9susQz/HDceOaZNj1IGg==",
      "dev": true
    },
    "serverless-jvm-plugin": {
      "version": "0.0.10",
      "resolved": "https://registry.npmjs.org/serverless-jvm-plugin/-/serverless-jvm-plugin-0.0.10.tgz",
      "integrity": "sha512-AdFrYp8Dg2TAatBHetiGOCXNUrzakpyF5YbeQzacDLKwJZCviuc70JCa3CUwxvVPOsyChICGSij5iLhRdZlCTA==",
      "dev": true,
      "requires": {
        "java-invoke-local": "0.0.5"
      }
    }
  }
}
